
Microsoft Visual Studio Solution File, Format Version 12.00
# Visual Studio 15
VisualStudioVersion = 15.0.26124.0
MinimumVisualStudioVersion = 15.0.26124.0
Project("{FAE04EC0-301F-11D3-BF4B-00C04F79EFBC}") = "Penguin.Authentication.Okta.Local", "Penguin.Authentication.Okta.Local.csproj", "{C21E482E-CE37-4A1E-94E7-A7AA9A106C60}"
EndProject
Project("{FAE04EC0-301F-11D3-BF4B-00C04F79EFBC}") = "Penguin.Web.JsonClient.Local", "..\Penguin.Web.JsonClient\Penguin.Web.JsonClient.Local.csproj", "{F35C48B2-7A7C-468E-A2A8-72E6851D4BFD}"
EndProject
Project("{FAE04EC0-301F-11D3-BF4B-00C04F79EFBC}") = "Penguin.Web.WebClientEx.Local", "..\Penguin.Web.WebClientEx\Penguin.Web.WebClientEx.Local.csproj", "{A5748FB6-1CF8-429B-A024-5584198C45D8}"
EndProject
Project("{FAE04EC0-301F-11D3-BF4B-00C04F79EFBC}") = "Penguin.Extensions.String.Local", "..\Penguin.Extensions.String\Penguin.Extensions.String.Local.csproj", "{7052940D-E3D9-428F-84C0-160272EE3FC0}"
EndProject
Project("{FAE04EC0-301F-11D3-BF4B-00C04F79EFBC}") = "Penguin.Json.Local", "..\Penguin.Json\Penguin.Json.Local.csproj", "{DEEC938C-0582-488C-ADCA-53F81C094893}"
EndProject
Project("{FAE04EC0-301F-11D3-BF4B-00C04F79EFBC}") = "Penguin.SystemExtensions.Abstractions.Local", "..\Penguin.SystemExtensions.Abstractions\Penguin.SystemExtensions.Abstractions.Local.csproj", "{B2CE0C37-B56B-4FB6-844D-619D83C65077}"
EndProject
Project("{FAE04EC0-301F-11D3-BF4B-00C04F79EFBC}") = "Penguin.Reflection.Local", "..\Penguin.Reflection\Penguin.Reflection.Local.csproj", "{E16D13CD-ED30-461D-9DF8-F1EDA65E0381}"
EndProject
Project("{FAE04EC0-301F-11D3-BF4B-00C04F79EFBC}") = "Penguin.Reflection.Abstractions.Local", "..\Penguin.Reflection.Abstractions\Penguin.Reflection.Abstractions.Local.csproj", "{D2B2E49A-8778-499E-A404-B20504B6CA8A}"
EndProject
Project("{FAE04EC0-301F-11D3-BF4B-00C04F79EFBC}") = "Penguin.Debugging.Local", "..\Penguin.Debugging\Penguin.Debugging.Local.csproj", "{A370DDC4-2EDD-4619-8707-F140E3C5D8B3}"
EndProject
Project("{FAE04EC0-301F-11D3-BF4B-00C04F79EFBC}") = "Penguin.Extensions.Exceptions.Local", "..\Penguin.Extensions.Exceptions\Penguin.Extensions.Exceptions.Local.csproj", "{46898397-9634-48B9-8BC2-935C3562A8D3}"
EndProject
Project("{FAE04EC0-301F-11D3-BF4B-00C04F79EFBC}") = "Penguin.Json.Abstractions.Local", "..\Penguin.Json.Abstractions\Penguin.Json.Abstractions.Local.csproj", "{398BD7D6-4C54-40B6-BE01-E41E046A4F60}"
EndProject
Project("{FAE04EC0-301F-11D3-BF4B-00C04F79EFBC}") = "Penguin.Reflection.Extensions.Local", "..\Penguin.Reflection.Extensions\Penguin.Reflection.Extensions.Local.csproj", "{621CBF4C-863B-45B0-8686-002A73B021AD}"
EndProject
Global
	GlobalSection(SolutionConfigurationPlatforms) = preSolution
		Debug|Any CPU = Debug|Any CPU
		Debug|x64 = Debug|x64
		Debug|x86 = Debug|x86
		Release|Any CPU = Release|Any CPU
		Release|x64 = Release|x64
		Release|x86 = Release|x86
	EndGlobalSection
	GlobalSection(SolutionProperties) = preSolution
		HideSolutionNode = FALSE
	EndGlobalSection
	GlobalSection(ProjectConfigurationPlatforms) = postSolution
		{C21E482E-CE37-4A1E-94E7-A7AA9A106C60}.Debug|Any CPU.ActiveCfg = Debug|Any CPU
		{C21E482E-CE37-4A1E-94E7-A7AA9A106C60}.Debug|Any CPU.Build.0 = Debug|Any CPU
		{C21E482E-CE37-4A1E-94E7-A7AA9A106C60}.Debug|x64.ActiveCfg = Debug|Any CPU
		{C21E482E-CE37-4A1E-94E7-A7AA9A106C60}.Debug|x64.Build.0 = Debug|Any CPU
		{C21E482E-CE37-4A1E-94E7-A7AA9A106C60}.Debug|x86.ActiveCfg = Debug|Any CPU
		{C21E482E-CE37-4A1E-94E7-A7AA9A106C60}.Debug|x86.Build.0 = Debug|Any CPU
		{C21E482E-CE37-4A1E-94E7-A7AA9A106C60}.Release|Any CPU.ActiveCfg = Release|Any CPU
		{C21E482E-CE37-4A1E-94E7-A7AA9A106C60}.Release|Any CPU.Build.0 = Release|Any CPU
		{C21E482E-CE37-4A1E-94E7-A7AA9A106C60}.Release|x64.ActiveCfg = Release|Any CPU
		{C21E482E-CE37-4A1E-94E7-A7AA9A106C60}.Release|x64.Build.0 = Release|Any CPU
		{C21E482E-CE37-4A1E-94E7-A7AA9A106C60}.Release|x86.ActiveCfg = Release|Any CPU
		{C21E482E-CE37-4A1E-94E7-A7AA9A106C60}.Release|x86.Build.0 = Release|Any CPU
		{F35C48B2-7A7C-468E-A2A8-72E6851D4BFD}.Debug|Any CPU.ActiveCfg = Debug|Any CPU
		{F35C48B2-7A7C-468E-A2A8-72E6851D4BFD}.Debug|Any CPU.Build.0 = Debug|Any CPU
		{F35C48B2-7A7C-468E-A2A8-72E6851D4BFD}.Debug|x64.ActiveCfg = Debug|Any CPU
		{F35C48B2-7A7C-468E-A2A8-72E6851D4BFD}.Debug|x64.Build.0 = Debug|Any CPU
		{F35C48B2-7A7C-468E-A2A8-72E6851D4BFD}.Debug|x86.ActiveCfg = Debug|Any CPU
		{F35C48B2-7A7C-468E-A2A8-72E6851D4BFD}.Debug|x86.Build.0 = Debug|Any CPU
		{F35C48B2-7A7C-468E-A2A8-72E6851D4BFD}.Release|Any CPU.ActiveCfg = Release|Any CPU
		{F35C48B2-7A7C-468E-A2A8-72E6851D4BFD}.Release|Any CPU.Build.0 = Release|Any CPU
		{F35C48B2-7A7C-468E-A2A8-72E6851D4BFD}.Release|x64.ActiveCfg = Release|Any CPU
		{F35C48B2-7A7C-468E-A2A8-72E6851D4BFD}.Release|x64.Build.0 = Release|Any CPU
		{F35C48B2-7A7C-468E-A2A8-72E6851D4BFD}.Release|x86.ActiveCfg = Release|Any CPU
		{F35C48B2-7A7C-468E-A2A8-72E6851D4BFD}.Release|x86.Build.0 = Release|Any CPU
		{A5748FB6-1CF8-429B-A024-5584198C45D8}.Debug|Any CPU.ActiveCfg = Debug|Any CPU
		{A5748FB6-1CF8-429B-A024-5584198C45D8}.Debug|Any CPU.Build.0 = Debug|Any CPU
		{A5748FB6-1CF8-429B-A024-5584198C45D8}.Debug|x64.ActiveCfg = Debug|Any CPU
		{A5748FB6-1CF8-429B-A024-5584198C45D8}.Debug|x64.Build.0 = Debug|Any CPU
		{A5748FB6-1CF8-429B-A024-5584198C45D8}.Debug|x86.ActiveCfg = Debug|Any CPU
		{A5748FB6-1CF8-429B-A024-5584198C45D8}.Debug|x86.Build.0 = Debug|Any CPU
		{A5748FB6-1CF8-429B-A024-5584198C45D8}.Release|Any CPU.ActiveCfg = Release|Any CPU
		{A5748FB6-1CF8-429B-A024-5584198C45D8}.Release|Any CPU.Build.0 = Release|Any CPU
		{A5748FB6-1CF8-429B-A024-5584198C45D8}.Release|x64.ActiveCfg = Release|Any CPU
		{A5748FB6-1CF8-429B-A024-5584198C45D8}.Release|x64.Build.0 = Release|Any CPU
		{A5748FB6-1CF8-429B-A024-5584198C45D8}.Release|x86.ActiveCfg = Release|Any CPU
		{A5748FB6-1CF8-429B-A024-5584198C45D8}.Release|x86.Build.0 = Release|Any CPU
		{7052940D-E3D9-428F-84C0-160272EE3FC0}.Debug|Any CPU.ActiveCfg = Debug|Any CPU
		{7052940D-E3D9-428F-84C0-160272EE3FC0}.Debug|Any CPU.Build.0 = Debug|Any CPU
		{7052940D-E3D9-428F-84C0-160272EE3FC0}.Debug|x64.ActiveCfg = Debug|Any CPU
		{7052940D-E3D9-428F-84C0-160272EE3FC0}.Debug|x64.Build.0 = Debug|Any CPU
		{7052940D-E3D9-428F-84C0-160272EE3FC0}.Debug|x86.ActiveCfg = Debug|Any CPU
		{7052940D-E3D9-428F-84C0-160272EE3FC0}.Debug|x86.Build.0 = Debug|Any CPU
		{7052940D-E3D9-428F-84C0-160272EE3FC0}.Release|Any CPU.ActiveCfg = Release|Any CPU
		{7052940D-E3D9-428F-84C0-160272EE3FC0}.Release|Any CPU.Build.0 = Release|Any CPU
		{7052940D-E3D9-428F-84C0-160272EE3FC0}.Release|x64.ActiveCfg = Release|Any CPU
		{7052940D-E3D9-428F-84C0-160272EE3FC0}.Release|x64.Build.0 = Release|Any CPU
		{7052940D-E3D9-428F-84C0-160272EE3FC0}.Release|x86.ActiveCfg = Release|Any CPU
		{7052940D-E3D9-428F-84C0-160272EE3FC0}.Release|x86.Build.0 = Release|Any CPU
		{DEEC938C-0582-488C-ADCA-53F81C094893}.Debug|Any CPU.ActiveCfg = Debug|Any CPU
		{DEEC938C-0582-488C-ADCA-53F81C094893}.Debug|Any CPU.Build.0 = Debug|Any CPU
		{DEEC938C-0582-488C-ADCA-53F81C094893}.Debug|x64.ActiveCfg = Debug|Any CPU
		{DEEC938C-0582-488C-ADCA-53F81C094893}.Debug|x64.Build.0 = Debug|Any CPU
		{DEEC938C-0582-488C-ADCA-53F81C094893}.Debug|x86.ActiveCfg = Debug|Any CPU
		{DEEC938C-0582-488C-ADCA-53F81C094893}.Debug|x86.Build.0 = Debug|Any CPU
		{DEEC938C-0582-488C-ADCA-53F81C094893}.Release|Any CPU.ActiveCfg = Release|Any CPU
		{DEEC938C-0582-488C-ADCA-53F81C094893}.Release|Any CPU.Build.0 = Release|Any CPU
		{DEEC938C-0582-488C-ADCA-53F81C094893}.Release|x64.ActiveCfg = Release|Any CPU
		{DEEC938C-0582-488C-ADCA-53F81C094893}.Release|x64.Build.0 = Release|Any CPU
		{DEEC938C-0582-488C-ADCA-53F81C094893}.Release|x86.ActiveCfg = Release|Any CPU
		{DEEC938C-0582-488C-ADCA-53F81C094893}.Release|x86.Build.0 = Release|Any CPU
		{B2CE0C37-B56B-4FB6-844D-619D83C65077}.Debug|Any CPU.ActiveCfg = Debug|Any CPU
		{B2CE0C37-B56B-4FB6-844D-619D83C65077}.Debug|Any CPU.Build.0 = Debug|Any CPU
		{B2CE0C37-B56B-4FB6-844D-619D83C65077}.Debug|x64.ActiveCfg = Debug|Any CPU
		{B2CE0C37-B56B-4FB6-844D-619D83C65077}.Debug|x64.Build.0 = Debug|Any CPU
		{B2CE0C37-B56B-4FB6-844D-619D83C65077}.Debug|x86.ActiveCfg = Debug|Any CPU
		{B2CE0C37-B56B-4FB6-844D-619D83C65077}.Debug|x86.Build.0 = Debug|Any CPU
		{B2CE0C37-B56B-4FB6-844D-619D83C65077}.Release|Any CPU.ActiveCfg = Release|Any CPU
		{B2CE0C37-B56B-4FB6-844D-619D83C65077}.Release|Any CPU.Build.0 = Release|Any CPU
		{B2CE0C37-B56B-4FB6-844D-619D83C65077}.Release|x64.ActiveCfg = Release|Any CPU
		{B2CE0C37-B56B-4FB6-844D-619D83C65077}.Release|x64.Build.0 = Release|Any CPU
		{B2CE0C37-B56B-4FB6-844D-619D83C65077}.Release|x86.ActiveCfg = Release|Any CPU
		{B2CE0C37-B56B-4FB6-844D-619D83C65077}.Release|x86.Build.0 = Release|Any CPU
		{E16D13CD-ED30-461D-9DF8-F1EDA65E0381}.Debug|Any CPU.ActiveCfg = Debug|Any CPU
		{E16D13CD-ED30-461D-9DF8-F1EDA65E0381}.Debug|Any CPU.Build.0 = Debug|Any CPU
		{E16D13CD-ED30-461D-9DF8-F1EDA65E0381}.Debug|x64.ActiveCfg = Debug|Any CPU
		{E16D13CD-ED30-461D-9DF8-F1EDA65E0381}.Debug|x64.Build.0 = Debug|Any CPU
		{E16D13CD-ED30-461D-9DF8-F1EDA65E0381}.Debug|x86.ActiveCfg = Debug|Any CPU
		{E16D13CD-ED30-461D-9DF8-F1EDA65E0381}.Debug|x86.Build.0 = Debug|Any CPU
		{E16D13CD-ED30-461D-9DF8-F1EDA65E0381}.Release|Any CPU.ActiveCfg = Release|Any CPU
		{E16D13CD-ED30-461D-9DF8-F1EDA65E0381}.Release|Any CPU.Build.0 = Release|Any CPU
		{E16D13CD-ED30-461D-9DF8-F1EDA65E0381}.Release|x64.ActiveCfg = Release|Any CPU
		{E16D13CD-ED30-461D-9DF8-F1EDA65E0381}.Release|x64.Build.0 = Release|Any CPU
		{E16D13CD-ED30-461D-9DF8-F1EDA65E0381}.Release|x86.ActiveCfg = Release|Any CPU
		{E16D13CD-ED30-461D-9DF8-F1EDA65E0381}.Release|x86.Build.0 = Release|Any CPU
		{D2B2E49A-8778-499E-A404-B20504B6CA8A}.Debug|Any CPU.ActiveCfg = Debug|Any CPU
		{D2B2E49A-8778-499E-A404-B20504B6CA8A}.Debug|Any CPU.Build.0 = Debug|Any CPU
		{D2B2E49A-8778-499E-A404-B20504B6CA8A}.Debug|x64.ActiveCfg = Debug|Any CPU
		{D2B2E49A-8778-499E-A404-B20504B6CA8A}.Debug|x64.Build.0 = Debug|Any CPU
		{D2B2E49A-8778-499E-A404-B20504B6CA8A}.Debug|x86.ActiveCfg = Debug|Any CPU
		{D2B2E49A-8778-499E-A404-B20504B6CA8A}.Debug|x86.Build.0 = Debug|Any CPU
		{D2B2E49A-8778-499E-A404-B20504B6CA8A}.Release|Any CPU.ActiveCfg = Release|Any CPU
		{D2B2E49A-8778-499E-A404-B20504B6CA8A}.Release|Any CPU.Build.0 = Release|Any CPU
		{D2B2E49A-8778-499E-A404-B20504B6CA8A}.Release|x64.ActiveCfg = Release|Any CPU
		{D2B2E49A-8778-499E-A404-B20504B6CA8A}.Release|x64.Build.0 = Release|Any CPU
		{D2B2E49A-8778-499E-A404-B20504B6CA8A}.Release|x86.ActiveCfg = Release|Any CPU
		{D2B2E49A-8778-499E-A404-B20504B6CA8A}.Release|x86.Build.0 = Release|Any CPU
		{A370DDC4-2EDD-4619-8707-F140E3C5D8B3}.Debug|Any CPU.ActiveCfg = Debug|Any CPU
		{A370DDC4-2EDD-4619-8707-F140E3C5D8B3}.Debug|Any CPU.Build.0 = Debug|Any CPU
		{A370DDC4-2EDD-4619-8707-F140E3C5D8B3}.Debug|x64.ActiveCfg = Debug|Any CPU
		{A370DDC4-2EDD-4619-8707-F140E3C5D8B3}.Debug|x64.Build.0 = Debug|Any CPU
		{A370DDC4-2EDD-4619-8707-F140E3C5D8B3}.Debug|x86.ActiveCfg = Debug|Any CPU
		{A370DDC4-2EDD-4619-8707-F140E3C5D8B3}.Debug|x86.Build.0 = Debug|Any CPU
		{A370DDC4-2EDD-4619-8707-F140E3C5D8B3}.Release|Any CPU.ActiveCfg = Release|Any CPU
		{A370DDC4-2EDD-4619-8707-F140E3C5D8B3}.Release|Any CPU.Build.0 = Release|Any CPU
		{A370DDC4-2EDD-4619-8707-F140E3C5D8B3}.Release|x64.ActiveCfg = Release|Any CPU
		{A370DDC4-2EDD-4619-8707-F140E3C5D8B3}.Release|x64.Build.0 = Release|Any CPU
		{A370DDC4-2EDD-4619-8707-F140E3C5D8B3}.Release|x86.ActiveCfg = Release|Any CPU
		{A370DDC4-2EDD-4619-8707-F140E3C5D8B3}.Release|x86.Build.0 = Release|Any CPU
		{46898397-9634-48B9-8BC2-935C3562A8D3}.Debug|Any CPU.ActiveCfg = Debug|Any CPU
		{46898397-9634-48B9-8BC2-935C3562A8D3}.Debug|Any CPU.Build.0 = Debug|Any CPU
		{46898397-9634-48B9-8BC2-935C3562A8D3}.Debug|x64.ActiveCfg = Debug|Any CPU
		{46898397-9634-48B9-8BC2-935C3562A8D3}.Debug|x64.Build.0 = Debug|Any CPU
		{46898397-9634-48B9-8BC2-935C3562A8D3}.Debug|x86.ActiveCfg = Debug|Any CPU
		{46898397-9634-48B9-8BC2-935C3562A8D3}.Debug|x86.Build.0 = Debug|Any CPU
		{46898397-9634-48B9-8BC2-935C3562A8D3}.Release|Any CPU.ActiveCfg = Release|Any CPU
		{46898397-9634-48B9-8BC2-935C3562A8D3}.Release|Any CPU.Build.0 = Release|Any CPU
		{46898397-9634-48B9-8BC2-935C3562A8D3}.Release|x64.ActiveCfg = Release|Any CPU
		{46898397-9634-48B9-8BC2-935C3562A8D3}.Release|x64.Build.0 = Release|Any CPU
		{46898397-9634-48B9-8BC2-935C3562A8D3}.Release|x86.ActiveCfg = Release|Any CPU
		{46898397-9634-48B9-8BC2-935C3562A8D3}.Release|x86.Build.0 = Release|Any CPU
		{398BD7D6-4C54-40B6-BE01-E41E046A4F60}.Debug|Any CPU.ActiveCfg = Debug|Any CPU
		{398BD7D6-4C54-40B6-BE01-E41E046A4F60}.Debug|Any CPU.Build.0 = Debug|Any CPU
		{398BD7D6-4C54-40B6-BE01-E41E046A4F60}.Debug|x64.ActiveCfg = Debug|Any CPU
		{398BD7D6-4C54-40B6-BE01-E41E046A4F60}.Debug|x64.Build.0 = Debug|Any CPU
		{398BD7D6-4C54-40B6-BE01-E41E046A4F60}.Debug|x86.ActiveCfg = Debug|Any CPU
		{398BD7D6-4C54-40B6-BE01-E41E046A4F60}.Debug|x86.Build.0 = Debug|Any CPU
		{398BD7D6-4C54-40B6-BE01-E41E046A4F60}.Release|Any CPU.ActiveCfg = Release|Any CPU
		{398BD7D6-4C54-40B6-BE01-E41E046A4F60}.Release|Any CPU.Build.0 = Release|Any CPU
		{398BD7D6-4C54-40B6-BE01-E41E046A4F60}.Release|x64.ActiveCfg = Release|Any CPU
		{398BD7D6-4C54-40B6-BE01-E41E046A4F60}.Release|x64.Build.0 = Release|Any CPU
		{398BD7D6-4C54-40B6-BE01-E41E046A4F60}.Release|x86.ActiveCfg = Release|Any CPU
		{398BD7D6-4C54-40B6-BE01-E41E046A4F60}.Release|x86.Build.0 = Release|Any CPU
		{621CBF4C-863B-45B0-8686-002A73B021AD}.Debug|Any CPU.ActiveCfg = Debug|Any CPU
		{621CBF4C-863B-45B0-8686-002A73B021AD}.Debug|Any CPU.Build.0 = Debug|Any CPU
		{621CBF4C-863B-45B0-8686-002A73B021AD}.Debug|x64.ActiveCfg = Debug|Any CPU
		{621CBF4C-863B-45B0-8686-002A73B021AD}.Debug|x64.Build.0 = Debug|Any CPU
		{621CBF4C-863B-45B0-8686-002A73B021AD}.Debug|x86.ActiveCfg = Debug|Any CPU
		{621CBF4C-863B-45B0-8686-002A73B021AD}.Debug|x86.Build.0 = Debug|Any CPU
		{621CBF4C-863B-45B0-8686-002A73B021AD}.Release|Any CPU.ActiveCfg = Release|Any CPU
		{621CBF4C-863B-45B0-8686-002A73B021AD}.Release|Any CPU.Build.0 = Release|Any CPU
		{621CBF4C-863B-45B0-8686-002A73B021AD}.Release|x64.ActiveCfg = Release|Any CPU
		{621CBF4C-863B-45B0-8686-002A73B021AD}.Release|x64.Build.0 = Release|Any CPU
		{621CBF4C-863B-45B0-8686-002A73B021AD}.Release|x86.ActiveCfg = Release|Any CPU
		{621CBF4C-863B-45B0-8686-002A73B021AD}.Release|x86.Build.0 = Release|Any CPU
	EndGlobalSection
EndGlobal
