
Microsoft Visual Studio Solution File, Format Version 12.00
# Visual Studio 15
VisualStudioVersion = 15.0.26124.0
MinimumVisualStudioVersion = 15.0.26124.0
Project("{FAE04EC0-301F-11D3-BF4B-00C04F79EFBC}") = "Penguin.Authentication.Okta.Local", "Penguin.Authentication.Okta.Local.csproj", "{509699BB-EF66-49B5-A8F4-2B60F5804CC2}"
EndProject
Project("{FAE04EC0-301F-11D3-BF4B-00C04F79EFBC}") = "Penguin.Web.JsonClient.Local", "..\Penguin.Web.JsonClient\Penguin.Web.JsonClient.Local.csproj", "{BE9F0CCE-4A04-48EB-9A2F-F7DCCC144F7A}"
EndProject
Project("{FAE04EC0-301F-11D3-BF4B-00C04F79EFBC}") = "Penguin.Web.WebClientEx.Local", "..\Penguin.Web.WebClientEx\Penguin.Web.WebClientEx.Local.csproj", "{DFAEA137-EF84-43CF-BBF3-D89512856EA6}"
EndProject
Project("{FAE04EC0-301F-11D3-BF4B-00C04F79EFBC}") = "Penguin.Extensions.String.Local", "..\Penguin.Extensions.String\Penguin.Extensions.String.Local.csproj", "{23F167BA-7DF6-4E9A-BDC9-4A7FAAF9BD5D}"
EndProject
Project("{FAE04EC0-301F-11D3-BF4B-00C04F79EFBC}") = "Penguin.Web.Http.Local", "..\Penguin.Web.Http\Penguin.Web.Http.Local.csproj", "{691C818C-3E71-4085-BC08-FB146313FCAB}"
EndProject
Project("{FAE04EC0-301F-11D3-BF4B-00C04F79EFBC}") = "Penguin.Json.Local", "..\Penguin.Json\Penguin.Json.Local.csproj", "{EC134A42-C50F-454F-B922-F8B728802083}"
EndProject
Project("{FAE04EC0-301F-11D3-BF4B-00C04F79EFBC}") = "Penguin.SystemExtensions.Abstractions.Local", "..\Penguin.SystemExtensions.Abstractions\Penguin.SystemExtensions.Abstractions.Local.csproj", "{9C408C4D-0CEF-4D86-9BC2-3A59550DEFE1}"
EndProject
Project("{FAE04EC0-301F-11D3-BF4B-00C04F79EFBC}") = "Penguin.Reflection.Local", "..\Penguin.Reflection\Penguin.Reflection.Local.csproj", "{FBC644D5-05D5-4A74-A70A-44EE75949EAF}"
EndProject
Project("{FAE04EC0-301F-11D3-BF4B-00C04F79EFBC}") = "Penguin.Reflection.Abstractions.Local", "..\Penguin.Reflection.Abstractions\Penguin.Reflection.Abstractions.Local.csproj", "{1F27C791-0151-4012-A1FD-6243A0AC2354}"
EndProject
Project("{FAE04EC0-301F-11D3-BF4B-00C04F79EFBC}") = "Penguin.Debugging.Local", "..\Penguin.Debugging\Penguin.Debugging.Local.csproj", "{74DDC4F5-F48F-448C-96FE-041FB88A363F}"
EndProject
Project("{FAE04EC0-301F-11D3-BF4B-00C04F79EFBC}") = "Penguin.Extensions.Exceptions.Local", "..\Penguin.Extensions.Exceptions\Penguin.Extensions.Exceptions.Local.csproj", "{9B1C6763-DD97-4047-928A-D5EB347E6D98}"
EndProject
Project("{FAE04EC0-301F-11D3-BF4B-00C04F79EFBC}") = "Penguin.Json.Abstractions.Local", "..\Penguin.Json.Abstractions\Penguin.Json.Abstractions.Local.csproj", "{4E408475-7187-41D4-BD10-E6B7FAAEF124}"
EndProject
Project("{FAE04EC0-301F-11D3-BF4B-00C04F79EFBC}") = "Penguin.Reflection.Extensions.Local", "..\Penguin.Reflection.Extensions\Penguin.Reflection.Extensions.Local.csproj", "{1391C751-88EC-47B2-947B-40D8813A2D67}"
EndProject
Global
	GlobalSection(SolutionConfigurationPlatforms) = preSolution
		Debug|Any CPU = Debug|Any CPU
		Debug|x64 = Debug|x64
		Debug|x86 = Debug|x86
		Release|Any CPU = Release|Any CPU
		Release|x64 = Release|x64
		Release|x86 = Release|x86
	EndGlobalSection
	GlobalSection(SolutionProperties) = preSolution
		HideSolutionNode = FALSE
	EndGlobalSection
	GlobalSection(ProjectConfigurationPlatforms) = postSolution
		{509699BB-EF66-49B5-A8F4-2B60F5804CC2}.Debug|Any CPU.ActiveCfg = Debug|Any CPU
		{509699BB-EF66-49B5-A8F4-2B60F5804CC2}.Debug|Any CPU.Build.0 = Debug|Any CPU
		{509699BB-EF66-49B5-A8F4-2B60F5804CC2}.Debug|x64.ActiveCfg = Debug|Any CPU
		{509699BB-EF66-49B5-A8F4-2B60F5804CC2}.Debug|x64.Build.0 = Debug|Any CPU
		{509699BB-EF66-49B5-A8F4-2B60F5804CC2}.Debug|x86.ActiveCfg = Debug|Any CPU
		{509699BB-EF66-49B5-A8F4-2B60F5804CC2}.Debug|x86.Build.0 = Debug|Any CPU
		{509699BB-EF66-49B5-A8F4-2B60F5804CC2}.Release|Any CPU.ActiveCfg = Release|Any CPU
		{509699BB-EF66-49B5-A8F4-2B60F5804CC2}.Release|Any CPU.Build.0 = Release|Any CPU
		{509699BB-EF66-49B5-A8F4-2B60F5804CC2}.Release|x64.ActiveCfg = Release|Any CPU
		{509699BB-EF66-49B5-A8F4-2B60F5804CC2}.Release|x64.Build.0 = Release|Any CPU
		{509699BB-EF66-49B5-A8F4-2B60F5804CC2}.Release|x86.ActiveCfg = Release|Any CPU
		{509699BB-EF66-49B5-A8F4-2B60F5804CC2}.Release|x86.Build.0 = Release|Any CPU
		{BE9F0CCE-4A04-48EB-9A2F-F7DCCC144F7A}.Debug|Any CPU.ActiveCfg = Debug|Any CPU
		{BE9F0CCE-4A04-48EB-9A2F-F7DCCC144F7A}.Debug|Any CPU.Build.0 = Debug|Any CPU
		{BE9F0CCE-4A04-48EB-9A2F-F7DCCC144F7A}.Debug|x64.ActiveCfg = Debug|Any CPU
		{BE9F0CCE-4A04-48EB-9A2F-F7DCCC144F7A}.Debug|x64.Build.0 = Debug|Any CPU
		{BE9F0CCE-4A04-48EB-9A2F-F7DCCC144F7A}.Debug|x86.ActiveCfg = Debug|Any CPU
		{BE9F0CCE-4A04-48EB-9A2F-F7DCCC144F7A}.Debug|x86.Build.0 = Debug|Any CPU
		{BE9F0CCE-4A04-48EB-9A2F-F7DCCC144F7A}.Release|Any CPU.ActiveCfg = Release|Any CPU
		{BE9F0CCE-4A04-48EB-9A2F-F7DCCC144F7A}.Release|Any CPU.Build.0 = Release|Any CPU
		{BE9F0CCE-4A04-48EB-9A2F-F7DCCC144F7A}.Release|x64.ActiveCfg = Release|Any CPU
		{BE9F0CCE-4A04-48EB-9A2F-F7DCCC144F7A}.Release|x64.Build.0 = Release|Any CPU
		{BE9F0CCE-4A04-48EB-9A2F-F7DCCC144F7A}.Release|x86.ActiveCfg = Release|Any CPU
		{BE9F0CCE-4A04-48EB-9A2F-F7DCCC144F7A}.Release|x86.Build.0 = Release|Any CPU
		{DFAEA137-EF84-43CF-BBF3-D89512856EA6}.Debug|Any CPU.ActiveCfg = Debug|Any CPU
		{DFAEA137-EF84-43CF-BBF3-D89512856EA6}.Debug|Any CPU.Build.0 = Debug|Any CPU
		{DFAEA137-EF84-43CF-BBF3-D89512856EA6}.Debug|x64.ActiveCfg = Debug|Any CPU
		{DFAEA137-EF84-43CF-BBF3-D89512856EA6}.Debug|x64.Build.0 = Debug|Any CPU
		{DFAEA137-EF84-43CF-BBF3-D89512856EA6}.Debug|x86.ActiveCfg = Debug|Any CPU
		{DFAEA137-EF84-43CF-BBF3-D89512856EA6}.Debug|x86.Build.0 = Debug|Any CPU
		{DFAEA137-EF84-43CF-BBF3-D89512856EA6}.Release|Any CPU.ActiveCfg = Release|Any CPU
		{DFAEA137-EF84-43CF-BBF3-D89512856EA6}.Release|Any CPU.Build.0 = Release|Any CPU
		{DFAEA137-EF84-43CF-BBF3-D89512856EA6}.Release|x64.ActiveCfg = Release|Any CPU
		{DFAEA137-EF84-43CF-BBF3-D89512856EA6}.Release|x64.Build.0 = Release|Any CPU
		{DFAEA137-EF84-43CF-BBF3-D89512856EA6}.Release|x86.ActiveCfg = Release|Any CPU
		{DFAEA137-EF84-43CF-BBF3-D89512856EA6}.Release|x86.Build.0 = Release|Any CPU
		{23F167BA-7DF6-4E9A-BDC9-4A7FAAF9BD5D}.Debug|Any CPU.ActiveCfg = Debug|Any CPU
		{23F167BA-7DF6-4E9A-BDC9-4A7FAAF9BD5D}.Debug|Any CPU.Build.0 = Debug|Any CPU
		{23F167BA-7DF6-4E9A-BDC9-4A7FAAF9BD5D}.Debug|x64.ActiveCfg = Debug|Any CPU
		{23F167BA-7DF6-4E9A-BDC9-4A7FAAF9BD5D}.Debug|x64.Build.0 = Debug|Any CPU
		{23F167BA-7DF6-4E9A-BDC9-4A7FAAF9BD5D}.Debug|x86.ActiveCfg = Debug|Any CPU
		{23F167BA-7DF6-4E9A-BDC9-4A7FAAF9BD5D}.Debug|x86.Build.0 = Debug|Any CPU
		{23F167BA-7DF6-4E9A-BDC9-4A7FAAF9BD5D}.Release|Any CPU.ActiveCfg = Release|Any CPU
		{23F167BA-7DF6-4E9A-BDC9-4A7FAAF9BD5D}.Release|Any CPU.Build.0 = Release|Any CPU
		{23F167BA-7DF6-4E9A-BDC9-4A7FAAF9BD5D}.Release|x64.ActiveCfg = Release|Any CPU
		{23F167BA-7DF6-4E9A-BDC9-4A7FAAF9BD5D}.Release|x64.Build.0 = Release|Any CPU
		{23F167BA-7DF6-4E9A-BDC9-4A7FAAF9BD5D}.Release|x86.ActiveCfg = Release|Any CPU
		{23F167BA-7DF6-4E9A-BDC9-4A7FAAF9BD5D}.Release|x86.Build.0 = Release|Any CPU
		{691C818C-3E71-4085-BC08-FB146313FCAB}.Debug|Any CPU.ActiveCfg = Debug|Any CPU
		{691C818C-3E71-4085-BC08-FB146313FCAB}.Debug|Any CPU.Build.0 = Debug|Any CPU
		{691C818C-3E71-4085-BC08-FB146313FCAB}.Debug|x64.ActiveCfg = Debug|Any CPU
		{691C818C-3E71-4085-BC08-FB146313FCAB}.Debug|x64.Build.0 = Debug|Any CPU
		{691C818C-3E71-4085-BC08-FB146313FCAB}.Debug|x86.ActiveCfg = Debug|Any CPU
		{691C818C-3E71-4085-BC08-FB146313FCAB}.Debug|x86.Build.0 = Debug|Any CPU
		{691C818C-3E71-4085-BC08-FB146313FCAB}.Release|Any CPU.ActiveCfg = Release|Any CPU
		{691C818C-3E71-4085-BC08-FB146313FCAB}.Release|Any CPU.Build.0 = Release|Any CPU
		{691C818C-3E71-4085-BC08-FB146313FCAB}.Release|x64.ActiveCfg = Release|Any CPU
		{691C818C-3E71-4085-BC08-FB146313FCAB}.Release|x64.Build.0 = Release|Any CPU
		{691C818C-3E71-4085-BC08-FB146313FCAB}.Release|x86.ActiveCfg = Release|Any CPU
		{691C818C-3E71-4085-BC08-FB146313FCAB}.Release|x86.Build.0 = Release|Any CPU
		{EC134A42-C50F-454F-B922-F8B728802083}.Debug|Any CPU.ActiveCfg = Debug|Any CPU
		{EC134A42-C50F-454F-B922-F8B728802083}.Debug|Any CPU.Build.0 = Debug|Any CPU
		{EC134A42-C50F-454F-B922-F8B728802083}.Debug|x64.ActiveCfg = Debug|Any CPU
		{EC134A42-C50F-454F-B922-F8B728802083}.Debug|x64.Build.0 = Debug|Any CPU
		{EC134A42-C50F-454F-B922-F8B728802083}.Debug|x86.ActiveCfg = Debug|Any CPU
		{EC134A42-C50F-454F-B922-F8B728802083}.Debug|x86.Build.0 = Debug|Any CPU
		{EC134A42-C50F-454F-B922-F8B728802083}.Release|Any CPU.ActiveCfg = Release|Any CPU
		{EC134A42-C50F-454F-B922-F8B728802083}.Release|Any CPU.Build.0 = Release|Any CPU
		{EC134A42-C50F-454F-B922-F8B728802083}.Release|x64.ActiveCfg = Release|Any CPU
		{EC134A42-C50F-454F-B922-F8B728802083}.Release|x64.Build.0 = Release|Any CPU
		{EC134A42-C50F-454F-B922-F8B728802083}.Release|x86.ActiveCfg = Release|Any CPU
		{EC134A42-C50F-454F-B922-F8B728802083}.Release|x86.Build.0 = Release|Any CPU
		{9C408C4D-0CEF-4D86-9BC2-3A59550DEFE1}.Debug|Any CPU.ActiveCfg = Debug|Any CPU
		{9C408C4D-0CEF-4D86-9BC2-3A59550DEFE1}.Debug|Any CPU.Build.0 = Debug|Any CPU
		{9C408C4D-0CEF-4D86-9BC2-3A59550DEFE1}.Debug|x64.ActiveCfg = Debug|Any CPU
		{9C408C4D-0CEF-4D86-9BC2-3A59550DEFE1}.Debug|x64.Build.0 = Debug|Any CPU
		{9C408C4D-0CEF-4D86-9BC2-3A59550DEFE1}.Debug|x86.ActiveCfg = Debug|Any CPU
		{9C408C4D-0CEF-4D86-9BC2-3A59550DEFE1}.Debug|x86.Build.0 = Debug|Any CPU
		{9C408C4D-0CEF-4D86-9BC2-3A59550DEFE1}.Release|Any CPU.ActiveCfg = Release|Any CPU
		{9C408C4D-0CEF-4D86-9BC2-3A59550DEFE1}.Release|Any CPU.Build.0 = Release|Any CPU
		{9C408C4D-0CEF-4D86-9BC2-3A59550DEFE1}.Release|x64.ActiveCfg = Release|Any CPU
		{9C408C4D-0CEF-4D86-9BC2-3A59550DEFE1}.Release|x64.Build.0 = Release|Any CPU
		{9C408C4D-0CEF-4D86-9BC2-3A59550DEFE1}.Release|x86.ActiveCfg = Release|Any CPU
		{9C408C4D-0CEF-4D86-9BC2-3A59550DEFE1}.Release|x86.Build.0 = Release|Any CPU
		{FBC644D5-05D5-4A74-A70A-44EE75949EAF}.Debug|Any CPU.ActiveCfg = Debug|Any CPU
		{FBC644D5-05D5-4A74-A70A-44EE75949EAF}.Debug|Any CPU.Build.0 = Debug|Any CPU
		{FBC644D5-05D5-4A74-A70A-44EE75949EAF}.Debug|x64.ActiveCfg = Debug|Any CPU
		{FBC644D5-05D5-4A74-A70A-44EE75949EAF}.Debug|x64.Build.0 = Debug|Any CPU
		{FBC644D5-05D5-4A74-A70A-44EE75949EAF}.Debug|x86.ActiveCfg = Debug|Any CPU
		{FBC644D5-05D5-4A74-A70A-44EE75949EAF}.Debug|x86.Build.0 = Debug|Any CPU
		{FBC644D5-05D5-4A74-A70A-44EE75949EAF}.Release|Any CPU.ActiveCfg = Release|Any CPU
		{FBC644D5-05D5-4A74-A70A-44EE75949EAF}.Release|Any CPU.Build.0 = Release|Any CPU
		{FBC644D5-05D5-4A74-A70A-44EE75949EAF}.Release|x64.ActiveCfg = Release|Any CPU
		{FBC644D5-05D5-4A74-A70A-44EE75949EAF}.Release|x64.Build.0 = Release|Any CPU
		{FBC644D5-05D5-4A74-A70A-44EE75949EAF}.Release|x86.ActiveCfg = Release|Any CPU
		{FBC644D5-05D5-4A74-A70A-44EE75949EAF}.Release|x86.Build.0 = Release|Any CPU
		{1F27C791-0151-4012-A1FD-6243A0AC2354}.Debug|Any CPU.ActiveCfg = Debug|Any CPU
		{1F27C791-0151-4012-A1FD-6243A0AC2354}.Debug|Any CPU.Build.0 = Debug|Any CPU
		{1F27C791-0151-4012-A1FD-6243A0AC2354}.Debug|x64.ActiveCfg = Debug|Any CPU
		{1F27C791-0151-4012-A1FD-6243A0AC2354}.Debug|x64.Build.0 = Debug|Any CPU
		{1F27C791-0151-4012-A1FD-6243A0AC2354}.Debug|x86.ActiveCfg = Debug|Any CPU
		{1F27C791-0151-4012-A1FD-6243A0AC2354}.Debug|x86.Build.0 = Debug|Any CPU
		{1F27C791-0151-4012-A1FD-6243A0AC2354}.Release|Any CPU.ActiveCfg = Release|Any CPU
		{1F27C791-0151-4012-A1FD-6243A0AC2354}.Release|Any CPU.Build.0 = Release|Any CPU
		{1F27C791-0151-4012-A1FD-6243A0AC2354}.Release|x64.ActiveCfg = Release|Any CPU
		{1F27C791-0151-4012-A1FD-6243A0AC2354}.Release|x64.Build.0 = Release|Any CPU
		{1F27C791-0151-4012-A1FD-6243A0AC2354}.Release|x86.ActiveCfg = Release|Any CPU
		{1F27C791-0151-4012-A1FD-6243A0AC2354}.Release|x86.Build.0 = Release|Any CPU
		{74DDC4F5-F48F-448C-96FE-041FB88A363F}.Debug|Any CPU.ActiveCfg = Debug|Any CPU
		{74DDC4F5-F48F-448C-96FE-041FB88A363F}.Debug|Any CPU.Build.0 = Debug|Any CPU
		{74DDC4F5-F48F-448C-96FE-041FB88A363F}.Debug|x64.ActiveCfg = Debug|Any CPU
		{74DDC4F5-F48F-448C-96FE-041FB88A363F}.Debug|x64.Build.0 = Debug|Any CPU
		{74DDC4F5-F48F-448C-96FE-041FB88A363F}.Debug|x86.ActiveCfg = Debug|Any CPU
		{74DDC4F5-F48F-448C-96FE-041FB88A363F}.Debug|x86.Build.0 = Debug|Any CPU
		{74DDC4F5-F48F-448C-96FE-041FB88A363F}.Release|Any CPU.ActiveCfg = Release|Any CPU
		{74DDC4F5-F48F-448C-96FE-041FB88A363F}.Release|Any CPU.Build.0 = Release|Any CPU
		{74DDC4F5-F48F-448C-96FE-041FB88A363F}.Release|x64.ActiveCfg = Release|Any CPU
		{74DDC4F5-F48F-448C-96FE-041FB88A363F}.Release|x64.Build.0 = Release|Any CPU
		{74DDC4F5-F48F-448C-96FE-041FB88A363F}.Release|x86.ActiveCfg = Release|Any CPU
		{74DDC4F5-F48F-448C-96FE-041FB88A363F}.Release|x86.Build.0 = Release|Any CPU
		{9B1C6763-DD97-4047-928A-D5EB347E6D98}.Debug|Any CPU.ActiveCfg = Debug|Any CPU
		{9B1C6763-DD97-4047-928A-D5EB347E6D98}.Debug|Any CPU.Build.0 = Debug|Any CPU
		{9B1C6763-DD97-4047-928A-D5EB347E6D98}.Debug|x64.ActiveCfg = Debug|Any CPU
		{9B1C6763-DD97-4047-928A-D5EB347E6D98}.Debug|x64.Build.0 = Debug|Any CPU
		{9B1C6763-DD97-4047-928A-D5EB347E6D98}.Debug|x86.ActiveCfg = Debug|Any CPU
		{9B1C6763-DD97-4047-928A-D5EB347E6D98}.Debug|x86.Build.0 = Debug|Any CPU
		{9B1C6763-DD97-4047-928A-D5EB347E6D98}.Release|Any CPU.ActiveCfg = Release|Any CPU
		{9B1C6763-DD97-4047-928A-D5EB347E6D98}.Release|Any CPU.Build.0 = Release|Any CPU
		{9B1C6763-DD97-4047-928A-D5EB347E6D98}.Release|x64.ActiveCfg = Release|Any CPU
		{9B1C6763-DD97-4047-928A-D5EB347E6D98}.Release|x64.Build.0 = Release|Any CPU
		{9B1C6763-DD97-4047-928A-D5EB347E6D98}.Release|x86.ActiveCfg = Release|Any CPU
		{9B1C6763-DD97-4047-928A-D5EB347E6D98}.Release|x86.Build.0 = Release|Any CPU
		{4E408475-7187-41D4-BD10-E6B7FAAEF124}.Debug|Any CPU.ActiveCfg = Debug|Any CPU
		{4E408475-7187-41D4-BD10-E6B7FAAEF124}.Debug|Any CPU.Build.0 = Debug|Any CPU
		{4E408475-7187-41D4-BD10-E6B7FAAEF124}.Debug|x64.ActiveCfg = Debug|Any CPU
		{4E408475-7187-41D4-BD10-E6B7FAAEF124}.Debug|x64.Build.0 = Debug|Any CPU
		{4E408475-7187-41D4-BD10-E6B7FAAEF124}.Debug|x86.ActiveCfg = Debug|Any CPU
		{4E408475-7187-41D4-BD10-E6B7FAAEF124}.Debug|x86.Build.0 = Debug|Any CPU
		{4E408475-7187-41D4-BD10-E6B7FAAEF124}.Release|Any CPU.ActiveCfg = Release|Any CPU
		{4E408475-7187-41D4-BD10-E6B7FAAEF124}.Release|Any CPU.Build.0 = Release|Any CPU
		{4E408475-7187-41D4-BD10-E6B7FAAEF124}.Release|x64.ActiveCfg = Release|Any CPU
		{4E408475-7187-41D4-BD10-E6B7FAAEF124}.Release|x64.Build.0 = Release|Any CPU
		{4E408475-7187-41D4-BD10-E6B7FAAEF124}.Release|x86.ActiveCfg = Release|Any CPU
		{4E408475-7187-41D4-BD10-E6B7FAAEF124}.Release|x86.Build.0 = Release|Any CPU
		{1391C751-88EC-47B2-947B-40D8813A2D67}.Debug|Any CPU.ActiveCfg = Debug|Any CPU
		{1391C751-88EC-47B2-947B-40D8813A2D67}.Debug|Any CPU.Build.0 = Debug|Any CPU
		{1391C751-88EC-47B2-947B-40D8813A2D67}.Debug|x64.ActiveCfg = Debug|Any CPU
		{1391C751-88EC-47B2-947B-40D8813A2D67}.Debug|x64.Build.0 = Debug|Any CPU
		{1391C751-88EC-47B2-947B-40D8813A2D67}.Debug|x86.ActiveCfg = Debug|Any CPU
		{1391C751-88EC-47B2-947B-40D8813A2D67}.Debug|x86.Build.0 = Debug|Any CPU
		{1391C751-88EC-47B2-947B-40D8813A2D67}.Release|Any CPU.ActiveCfg = Release|Any CPU
		{1391C751-88EC-47B2-947B-40D8813A2D67}.Release|Any CPU.Build.0 = Release|Any CPU
		{1391C751-88EC-47B2-947B-40D8813A2D67}.Release|x64.ActiveCfg = Release|Any CPU
		{1391C751-88EC-47B2-947B-40D8813A2D67}.Release|x64.Build.0 = Release|Any CPU
		{1391C751-88EC-47B2-947B-40D8813A2D67}.Release|x86.ActiveCfg = Release|Any CPU
		{1391C751-88EC-47B2-947B-40D8813A2D67}.Release|x86.Build.0 = Release|Any CPU
	EndGlobalSection
EndGlobal
